
Microsoft Visual Studio Solution File, Format Version 12.00
# Visual Studio Express 2013 for Windows Desktop
VisualStudioVersion = 12.0.21005.1
MinimumVisualStudioVersion = 10.0.40219.1
Project("{FAE04EC0-301F-11D3-BF4B-00C04F79EFBC}") = "LiveGpsTracking", "LiveGpsTracking\LiveGpsTracking.csproj", "{DCD4F903-A765-4CCC-9704-F8F70D8B2175}"
EndProject
Global
	GlobalSection(SolutionConfigurationPlatforms) = preSolution
		Debug|Any CPU = Debug|Any CPU
		Release|Any CPU = Release|Any CPU
	EndGlobalSection
	GlobalSection(ProjectConfigurationPlatforms) = postSolution
		{DCD4F903-A765-4CCC-9704-F8F70D8B2175}.Debug|Any CPU.ActiveCfg = Debug|Any CPU
		{DCD4F903-A765-4CCC-9704-F8F70D8B2175}.Debug|Any CPU.Build.0 = Debug|Any CPU
		{DCD4F903-A765-4CCC-9704-F8F70D8B2175}.Release|Any CPU.ActiveCfg = Release|Any CPU
		{DCD4F903-A765-4CCC-9704-F8F70D8B2175}.Release|Any CPU.Build.0 = Release|Any CPU
	EndGlobalSection
	GlobalSection(SolutionProperties) = preSolution
		HideSolutionNode = FALSE
	EndGlobalSection
EndGlobal
